
Microsoft Visual Studio Solution File, Format Version 12.00
# Visual Studio Version 16
VisualStudioVersion = 16.0.30413.136
MinimumVisualStudioVersion = 10.0.40219.1
Project("{F184B08F-C81C-45F6-A57F-5ABD9991F28F}") = "VORLAX.LOG", "VORLAX.LOG\VORLAX.LOG.vbproj", "{89D68DB7-8536-4668-A682-3575C6D48380}"
EndProject
Global
	GlobalSection(SolutionConfigurationPlatforms) = preSolution
		Debug|Any CPU = Debug|Any CPU
		Release|Any CPU = Release|Any CPU
	EndGlobalSection
	GlobalSection(ProjectConfigurationPlatforms) = postSolution
		{89D68DB7-8536-4668-A682-3575C6D48380}.Debug|Any CPU.ActiveCfg = Debug|Any CPU
		{89D68DB7-8536-4668-A682-3575C6D48380}.Debug|Any CPU.Build.0 = Debug|Any CPU
		{89D68DB7-8536-4668-A682-3575C6D48380}.Release|Any CPU.ActiveCfg = Release|Any CPU
		{89D68DB7-8536-4668-A682-3575C6D48380}.Release|Any CPU.Build.0 = Release|Any CPU
	EndGlobalSection
	GlobalSection(SolutionProperties) = preSolution
		HideSolutionNode = FALSE
	EndGlobalSection
	GlobalSection(ExtensibilityGlobals) = postSolution
		SolutionGuid = {A6FD5376-EA11-44EC-A237-D2C29AFFB438}
	EndGlobalSection
EndGlobal
